{
  "name": "aviutl-markdownex",
  "version": "0.0.0",
  "lockfileVersion": 1,
  "requires": true,
  "dependencies": {
    "github-markdown-css": {
      "version": "4.0.0",
      "resolved": "https://registry.npmjs.org/github-markdown-css/-/github-markdown-css-4.0.0.tgz",
      "integrity": "sha512-mH0bcIKv4XAN0mQVokfTdKo2OD5K8WJE9+lbMdM32/q0Ie5tXgVN/2o+zvToRMxSTUuiTRcLg5hzkFfOyBYreg=="
    },
    "marked": {
      "version": "2.0.5",
      "resolved": "https://registry.npmjs.org/marked/-/marked-2.0.5.tgz",
      "integrity": "sha512-yfCEUXmKhBPLOzEC7c+tc4XZdIeTdGoRCZakFMkCxodr7wDXqoapIME4wjcpBPJLNyUnKJ3e8rb8wlAgnLnaDw=="
    }
  }
}
